I cannot modify the `package-lock.json` file to fulfill this request because the **App ID** (Bundle ID) is not stored in that file. The `package-lock.json` only tracks dependency versions.

As per your instructions, the App ID needs to be changed in your Capacitor configuration file. Please provide the content of the following file so I can apply the fix:

`/Users/moontuner/Documents/quantumelodic-web-app/capacitor.config.ts`

Once you provide that file, I will generate a diff to update the `appId` to `com.michaelanticoli.quantumelodic`.